// !$*UTF8*$!
{
	archiveVersion = 1;
	classes = {
	};
	objectVersion = 46;
	objects = {

/* Begin PBXBuildFile section */
		1613F9BA1955AA2500CDD9FD /* AppDelegate.swift in Sources */ = {isa = PBXBuildFile; fileRef = 1613F9B91955AA2500CDD9FD /* AppDelegate.swift */; };
		1613F9BC1955AA2500CDD9FD /* Images.xcassets in Resources */ = {isa = PBXBuildFile; fileRef = 1613F9BB1955AA2500CDD9FD /* Images.xcassets */; };
		1613F9DB1955AA5800CDD9FD /* Authentication.swift in Sources */ = {isa = PBXBuildFile; fileRef = 1613F9D21955AA5800CDD9FD /* Authentication.swift */; };
		1613F9DC1955AA5800CDD9FD /* Cycle.swift in Sources */ = {isa = PBXBuildFile; fileRef = 1613F9D31955AA5800CDD9FD /* Cycle.swift */; };
		1613F9DD1955AA5800CDD9FD /* Cycles.strings in Resources */ = {isa = PBXBuildFile; fileRef = 1613F9D41955AA5800CDD9FD /* Cycles.strings */; };
		1613F9DE1955AA5800CDD9FD /* Error.swift in Sources */ = {isa = PBXBuildFile; fileRef = 1613F9D51955AA5800CDD9FD /* Error.swift */; };
		1613F9DF1955AA5800CDD9FD /* Helper.swift in Sources */ = {isa = PBXBuildFile; fileRef = 1613F9D61955AA5800CDD9FD /* Helper.swift */; };
		1613F9E01955AA5800CDD9FD /* Processor.swift in Sources */ = {isa = PBXBuildFile; fileRef = 1613F9D71955AA5800CDD9FD /* Processor.swift */; };
		1613F9E11955AA5800CDD9FD /* Request.swift in Sources */ = {isa = PBXBuildFile; fileRef = 1613F9D81955AA5800CDD9FD /* Request.swift */; };
		1613F9E21955AA5800CDD9FD /* Response.swift in Sources */ = {isa = PBXBuildFile; fileRef = 1613F9D91955AA5800CDD9FD /* Response.swift */; };
		1613F9E31955AA5800CDD9FD /* Session.swift in Sources */ = {isa = PBXBuildFile; fileRef = 1613F9DA1955AA5800CDD9FD /* Session.swift */; };
		1613F9E51955AA6B00CDD9FD /* HelperTests.swift in Sources */ = {isa = PBXBuildFile; fileRef = 1613F9E41955AA6B00CDD9FD /* HelperTests.swift */; };
		1613F9EB1955E29200CDD9FD /* CycleTests.swift in Sources */ = {isa = PBXBuildFile; fileRef = 1613F9EA1955E29200CDD9FD /* CycleTests.swift */; };
		162019BE195CF68E00CA3A80 /* ProcessorTests.swift in Sources */ = {isa = PBXBuildFile; fileRef = 162019BD195CF68E00CA3A80 /* ProcessorTests.swift */; };
		1648FC6D198B9EF000C5BAE5 /* URITemplate.swift in Sources */ = {isa = PBXBuildFile; fileRef = 1648FC6C198B9EF000C5BAE5 /* URITemplate.swift */; };
		1648FC6F198BA17C00C5BAE5 /* Service.swift in Sources */ = {isa = PBXBuildFile; fileRef = 1648FC6E198BA17C00C5BAE5 /* Service.swift */; };
		165866BD1965E4E200FC2083 /* NetworkActivityIndicator.swift in Sources */ = {isa = PBXBuildFile; fileRef = 165866BC1965E4E200FC2083 /* NetworkActivityIndicator.swift */; };
		165866BE1965E4E200FC2083 /* NetworkActivityIndicator.swift in Sources */ = {isa = PBXBuildFile; fileRef = 165866BC1965E4E200FC2083 /* NetworkActivityIndicator.swift */; };
		16C5113F198DDBB800698BD5 /* ServiceTests.swift in Sources */ = {isa = PBXBuildFile; fileRef = 16C5113E198DDBB800698BD5 /* ServiceTests.swift */; };
		16C51143198E163400698BD5 /* FooService.swift in Sources */ = {isa = PBXBuildFile; fileRef = 16C51142198E163400698BD5 /* FooService.swift */; };
		16C51145198E42AF00698BD5 /* FooService.plist in Resources */ = {isa = PBXBuildFile; fileRef = 16C51144198E42AF00698BD5 /* FooService.plist */; };
		16C51147198E461800698BD5 /* FooTestService.plist in Resources */ = {isa = PBXBuildFile; fileRef = 16C51146198E461800698BD5 /* FooTestService.plist */; };
		16C5114C198E484D00698BD5 /* FooTestService_DuplicateName.plist in Resources */ = {isa = PBXBuildFile; fileRef = 16C51148198E484D00698BD5 /* FooTestService_DuplicateName.plist */; };
		16C5114D198E484D00698BD5 /* FooTestService_NameNotFound.plist in Resources */ = {isa = PBXBuildFile; fileRef = 16C51149198E484D00698BD5 /* FooTestService_NameNotFound.plist */; };
		16C5114E198E484D00698BD5 /* FooTestService_NoResources.plist in Resources */ = {isa = PBXBuildFile; fileRef = 16C5114A198E484D00698BD5 /* FooTestService_NoResources.plist */; };
		16C5114F198E484D00698BD5 /* FooTestService_URITemplateNotFound.plist in Resources */ = {isa = PBXBuildFile; fileRef = 16C5114B198E484D00698BD5 /* FooTestService_URITemplateNotFound.plist */; };
		16C51151198E7A2D00698BD5 /* FooTestMoreService.plist in Resources */ = {isa = PBXBuildFile; fileRef = 16C51150198E7A2D00698BD5 /* FooTestMoreService.plist */; };
		16D07506196A21C100045CE0 /* SessionTests.swift in Sources */ = {isa = PBXBuildFile; fileRef = 16D07505196A21C100045CE0 /* SessionTests.swift */; };
		16E51783195A23270015DCB8 /* Cycle+Convenience.swift in Sources */ = {isa = PBXBuildFile; fileRef = 16E51782195A23270015DCB8 /* Cycle+Convenience.swift */; };
		16E51785195A2F990015DCB8 /* Cycle+ConvenienceTests.swift in Sources */ = {isa = PBXBuildFile; fileRef = 16E51784195A2F990015DCB8 /* Cycle+ConvenienceTests.swift */; };
		16F874C1198E831E002B642C /* FooTestMoreService.plist in Resources */ = {isa = PBXBuildFile; fileRef = 16C51150198E7A2D00698BD5 /* FooTestMoreService.plist */; };
		16F874C3198E8734002B642C /* GitHub.plist in Resources */ = {isa = PBXBuildFile; fileRef = 16F874C2198E8734002B642C /* GitHub.plist */; };
		16F874C5198E8EDB002B642C /* URITemplateTests.swift in Sources */ = {isa = PBXBuildFile; fileRef = 16F874C4198E8EDB002B642C /* URITemplateTests.swift */; };
		16F874C7198E8EE2002B642C /* URITemplateRFCTests.json in Resources */ = {isa = PBXBuildFile; fileRef = 16F874C6198E8EE2002B642C /* URITemplateRFCTests.json */; };
		16FAA01E19589E1C00CE1F47 /* upload.txt in Resources */ = {isa = PBXBuildFile; fileRef = 16FAA01D19589E1C00CE1F47 /* upload.txt */; };
		16FAA0261958A17400CE1F47 /* Tests.swift in Sources */ = {isa = PBXBuildFile; fileRef = 16FAA0251958A17400CE1F47 /* Tests.swift */; };
/* End PBXBuildFile section */

/* Begin PBXContainerItemProxy section */
		1613F9C21955AA2500CDD9FD /* PBXContainerItemProxy */ = {
			isa = PBXContainerItemProxy;
			containerPortal = 1613F9AC1955AA2500CDD9FD /* Project object */;
			proxyType = 1;
			remoteGlobalIDString = 1613F9B31955AA2500CDD9FD;
			remoteInfo = CyclesTouch;
		};
		1613F9EC1955F98D00CDD9FD /* PBXContainerItemProxy */ = {
			isa = PBXContainerItemProxy;
			containerPortal = 1613F9AC1955AA2500CDD9FD /* Project object */;
			proxyType = 1;
			remoteGlobalIDString = 1613F9B31955AA2500CDD9FD;
			remoteInfo = CyclesTouch;
		};
		1613F9EE1955F98D00CDD9FD /* PBXContainerItemProxy */ = {
			isa = PBXContainerItemProxy;
			containerPortal = 1613F9AC1955AA2500CDD9FD /* Project object */;
			proxyType = 1;
			remoteGlobalIDString = 1613F9B31955AA2500CDD9FD;
			remoteInfo = CyclesTouch;
		};
		1613F9F01955F99000CDD9FD /* PBXContainerItemProxy */ = {
			isa = PBXContainerItemProxy;
			containerPortal = 1613F9AC1955AA2500CDD9FD /* Project object */;
			proxyType = 1;
			remoteGlobalIDString = 1613F9B31955AA2500CDD9FD;
			remoteInfo = CyclesTouch;
		};
		1613F9F21955FBCF00CDD9FD /* PBXContainerItemProxy */ = {
			isa = PBXContainerItemProxy;
			containerPortal = 1613F9AC1955AA2500CDD9FD /* Project object */;
			proxyType = 1;
			remoteGlobalIDString = 1613F9B31955AA2500CDD9FD;
			remoteInfo = CyclesTouch;
		};
		1613F9F4195611F800CDD9FD /* PBXContainerItemProxy */ = {
			isa = PBXContainerItemProxy;
			containerPortal = 1613F9AC1955AA2500CDD9FD /* Project object */;
			proxyType = 1;
			remoteGlobalIDString = 1613F9B31955AA2500CDD9FD;
			remoteInfo = CyclesTouch;
		};
		164C8C12195CC72F0062C278 /* PBXContainerItemProxy */ = {
			isa = PBXContainerItemProxy;
			containerPortal = 1613F9AC1955AA2500CDD9FD /* Project object */;
			proxyType = 1;
			remoteGlobalIDString = 1613F9B31955AA2500CDD9FD;
			remoteInfo = CyclesTouch;
		};
		16FAA01F19589FE700CE1F47 /* PBXContainerItemProxy */ = {
			isa = PBXContainerItemProxy;
			containerPortal = 1613F9AC1955AA2500CDD9FD /* Project object */;
			proxyType = 1;
			remoteGlobalIDString = 1613F9B31955AA2500CDD9FD;
			remoteInfo = CyclesTouch;
		};
		16FAA02119589FE700CE1F47 /* PBXContainerItemProxy */ = {
			isa = PBXContainerItemProxy;
			containerPortal = 1613F9AC1955AA2500CDD9FD /* Project object */;
			proxyType = 1;
			remoteGlobalIDString = 1613F9B31955AA2500CDD9FD;
			remoteInfo = CyclesTouch;
		};
		16FAA02319589FEC00CE1F47 /* PBXContainerItemProxy */ = {
			isa = PBXContainerItemProxy;
			containerPortal = 1613F9AC1955AA2500CDD9FD /* Project object */;
			proxyType = 1;
			remoteGlobalIDString = 1613F9B31955AA2500CDD9FD;
			remoteInfo = CyclesTouch;
		};
/* End PBXContainerItemProxy section */

/* Begin PBXFileReference section */
		1613F9B41955AA2500CDD9FD /* CyclesTouch.app */ = {isa = PBXFileReference; explicitFileType = wrapper.application; includeInIndex = 0; path = CyclesTouch.app; sourceTree = BUILT_PRODUCTS_DIR; };
		1613F9B81955AA2500CDD9FD /* Info.plist */ = {isa = PBXFileReference; lastKnownFileType = text.plist.xml; path = Info.plist; sourceTree = "<group>"; };
		1613F9B91955AA2500CDD9FD /* AppDelegate.swift */ = {isa = PBXFileReference; lastKnownFileType = sourcecode.swift; path = AppDelegate.swift; sourceTree = "<group>"; };
		1613F9BB1955AA2500CDD9FD /* Images.xcassets */ = {isa = PBXFileReference; lastKnownFileType = folder.assetcatalog; path = Images.xcassets; sourceTree = "<group>"; };
		1613F9C11955AA2500CDD9FD /* CyclesTouchTests.xctest */ = {isa = PBXFileReference; explicitFileType = wrapper.cfbundle; includeInIndex = 0; path = CyclesTouchTests.xctest; sourceTree = BUILT_PRODUCTS_DIR; };
		1613F9C61955AA2500CDD9FD /* Info.plist */ = {isa = PBXFileReference; lastKnownFileType = text.plist.xml; path = Info.plist; sourceTree = "<group>"; };
		1613F9D21955AA5800CDD9FD /* Authentication.swift */ = {isa = PBXFileReference; fileEncoding = 4; lastKnownFileType = sourcecode.swift; name = Authentication.swift; path = ../source/Authentication.swift; sourceTree = "<group>"; };
		1613F9D31955AA5800CDD9FD /* Cycle.swift */ = {isa = PBXFileReference; fileEncoding = 4; lastKnownFileType = sourcecode.swift; name = Cycle.swift; path = ../source/Cycle.swift; sourceTree = "<group>"; };
		1613F9D41955AA5800CDD9FD /* Cycles.strings */ = {isa = PBXFileReference; fileEncoding = 4; lastKnownFileType = text.plist.strings; name = Cycles.strings; path = ../source/Cycles.strings; sourceTree = "<group>"; };
		1613F9D51955AA5800CDD9FD /* Error.swift */ = {isa = PBXFileReference; fileEncoding = 4; lastKnownFileType = sourcecode.swift; name = Error.swift; path = ../source/Error.swift; sourceTree = "<group>"; };
		1613F9D61955AA5800CDD9FD /* Helper.swift */ = {isa = PBXFileReference; fileEncoding = 4; lastKnownFileType = sourcecode.swift; name = Helper.swift; path = ../source/Helper.swift; sourceTree = "<group>"; };
		1613F9D71955AA5800CDD9FD /* Processor.swift */ = {isa = PBXFileReference; fileEncoding = 4; lastKnownFileType = sourcecode.swift; name = Processor.swift; path = ../source/Processor.swift; sourceTree = "<group>"; };
		1613F9D81955AA5800CDD9FD /* Request.swift */ = {isa = PBXFileReference; fileEncoding = 4; lastKnownFileType = sourcecode.swift; name = Request.swift; path = ../source/Request.swift; sourceTree = "<group>"; };
		1613F9D91955AA5800CDD9FD /* Response.swift */ = {isa = PBXFileReference; fileEncoding = 4; lastKnownFileType = sourcecode.swift; name = Response.swift; path = ../source/Response.swift; sourceTree = "<group>"; };
		1613F9DA1955AA5800CDD9FD /* Session.swift */ = {isa = PBXFileReference; fileEncoding = 4; lastKnownFileType = sourcecode.swift; name = Session.swift; path = ../source/Session.swift; sourceTree = "<group>"; };
		1613F9E41955AA6B00CDD9FD /* HelperTests.swift */ = {isa = PBXFileReference; fileEncoding = 4; lastKnownFileType = sourcecode.swift; name = HelperTests.swift; path = ../../Tests/HelperTests.swift; sourceTree = "<group>"; };
		1613F9EA1955E29200CDD9FD /* CycleTests.swift */ = {isa = PBXFileReference; fileEncoding = 4; lastKnownFileType = sourcecode.swift; name = CycleTests.swift; path = ../../tests/CycleTests.swift; sourceTree = "<group>"; };
		162019BD195CF68E00CA3A80 /* ProcessorTests.swift */ = {isa = PBXFileReference; fileEncoding = 4; lastKnownFileType = sourcecode.swift; name = ProcessorTests.swift; path = ../../tests/ProcessorTests.swift; sourceTree = "<group>"; };
		1648FC6C198B9EF000C5BAE5 /* URITemplate.swift */ = {isa = PBXFileReference; fileEncoding = 4; lastKnownFileType = sourcecode.swift; name = URITemplate.swift; path = ../source/URITemplate.swift; sourceTree = "<group>"; };
		1648FC6E198BA17C00C5BAE5 /* Service.swift */ = {isa = PBXFileReference; fileEncoding = 4; lastKnownFileType = sourcecode.swift; name = Service.swift; path = ../source/Service.swift; sourceTree = "<group>"; };
		165866BC1965E4E200FC2083 /* NetworkActivityIndicator.swift */ = {isa = PBXFileReference; fileEncoding = 4; lastKnownFileType = sourcecode.swift; name = NetworkActivityIndicator.swift; path = ../source/NetworkActivityIndicator.swift; sourceTree = "<group>"; };
		16C5113E198DDBB800698BD5 /* ServiceTests.swift */ = {isa = PBXFileReference; fileEncoding = 4; lastKnownFileType = sourcecode.swift; name = ServiceTests.swift; path = ../../tests/ServiceTests.swift; sourceTree = "<group>"; };
		16C51140198E160300698BD5 /* Playground.swift */ = {isa = PBXFileReference; fileEncoding = 4; lastKnownFileType = sourcecode.swift; path = Playground.swift; sourceTree = "<group>"; };
		16C51142198E163400698BD5 /* FooService.swift */ = {isa = PBXFileReference; fileEncoding = 4; lastKnownFileType = sourcecode.swift; path = FooService.swift; sourceTree = "<group>"; };
		16C51144198E42AF00698BD5 /* FooService.plist */ = {isa = PBXFileReference; fileEncoding = 4; lastKnownFileType = text.plist.xml; path = FooService.plist; sourceTree = SOURCE_ROOT; };
		16C51146198E461800698BD5 /* FooTestService.plist */ = {isa = PBXFileReference; fileEncoding = 4; lastKnownFileType = text.plist.xml; path = FooTestService.plist; sourceTree = "<group>"; };
		16C51148198E484D00698BD5 /* FooTestService_DuplicateName.plist */ = {isa = PBXFileReference; fileEncoding = 4; lastKnownFileType = text.plist.xml; path = FooTestService_DuplicateName.plist; sourceTree = "<group>"; };
		16C51149198E484D00698BD5 /* FooTestService_NameNotFound.plist */ = {isa = PBXFileReference; fileEncoding = 4; lastKnownFileType = text.plist.xml; path = FooTestService_NameNotFound.plist; sourceTree = "<group>"; };
		16C5114A198E484D00698BD5 /* FooTestService_NoResources.plist */ = {isa = PBXFileReference; fileEncoding = 4; lastKnownFileType = text.plist.xml; path = FooTestService_NoResources.plist; sourceTree = "<group>"; };
		16C5114B198E484D00698BD5 /* FooTestService_URITemplateNotFound.plist */ = {isa = PBXFileReference; fileEncoding = 4; lastKnownFileType = text.plist.xml; path = FooTestService_URITemplateNotFound.plist; sourceTree = "<group>"; };
		16C51150198E7A2D00698BD5 /* FooTestMoreService.plist */ = {isa = PBXFileReference; fileEncoding = 4; lastKnownFileType = text.plist.xml; path = FooTestMoreService.plist; sourceTree = "<group>"; };
		16D07505196A21C100045CE0 /* SessionTests.swift */ = {isa = PBXFileReference; fileEncoding = 4; lastKnownFileType = sourcecode.swift; name = SessionTests.swift; path = ../../tests/SessionTests.swift; sourceTree = "<group>"; };
		16E51782195A23270015DCB8 /* Cycle+Convenience.swift */ = {isa = PBXFileReference; fileEncoding = 4; lastKnownFileType = sourcecode.swift; name = "Cycle+Convenience.swift"; path = "../source/Cycle+Convenience.swift"; sourceTree = "<group>"; };
		16E51784195A2F990015DCB8 /* Cycle+ConvenienceTests.swift */ = {isa = PBXFileReference; fileEncoding = 4; lastKnownFileType = sourcecode.swift; name = "Cycle+ConvenienceTests.swift"; path = "../../tests/Cycle+ConvenienceTests.swift"; sourceTree = "<group>"; };
		16F874C2198E8734002B642C /* GitHub.plist */ = {isa = PBXFileReference; fileEncoding = 4; lastKnownFileType = text.plist.xml; path = GitHub.plist; sourceTree = SOURCE_ROOT; };
		16F874C4198E8EDB002B642C /* URITemplateTests.swift */ = {isa = PBXFileReference; fileEncoding = 4; lastKnownFileType = sourcecode.swift; name = URITemplateTests.swift; path = ../../tests/URITemplateTests.swift; sourceTree = "<group>"; };
		16F874C6198E8EE2002B642C /* URITemplateRFCTests.json */ = {isa = PBXFileReference; fileEncoding = 4; lastKnownFileType = text.json; path = URITemplateRFCTests.json; sourceTree = "<group>"; };
		16FAA01D19589E1C00CE1F47 /* upload.txt */ = {isa = PBXFileReference; fileEncoding = 4; lastKnownFileType = text; path = upload.txt; sourceTree = "<group>"; };
		16FAA0251958A17400CE1F47 /* Tests.swift */ = {isa = PBXFileReference; fileEncoding = 4; lastKnownFileType = sourcecode.swift; name = Tests.swift; path = ../../tests/Tests.swift; sourceTree = "<group>"; };
/* End PBXFileReference section */

/* Begin PBXFrameworksBuildPhase section */
		1613F9B11955AA2500CDD9FD /* Frameworks */ = {
			isa = PBXFrameworksBuildPhase;
			buildActionMask = 2147483647;
			files = (
			);
			runOnlyForDeploymentPostprocessing = 0;
		};
		1613F9BE1955AA2500CDD9FD /* Frameworks */ = {
			isa = PBXFrameworksBuildPhase;
			buildActionMask = 2147483647;
			files = (
			);
			runOnlyForDeploymentPostprocessing = 0;
		};
/* End PBXFrameworksBuildPhase section */

/* Begin PBXGroup section */
		1613F9AB1955AA2500CDD9FD = {
			isa = PBXGroup;
			children = (
				1613F9B61955AA2500CDD9FD /* CyclesTouch */,
				1613F9D11955AA4F00CDD9FD /* Cycles */,
				1613F9C41955AA2500CDD9FD /* CyclesTouchTests */,
				1613F9B51955AA2500CDD9FD /* Products */,
			);
			sourceTree = "<group>";
		};
		1613F9B51955AA2500CDD9FD /* Products */ = {
			isa = PBXGroup;
			children = (
				1613F9B41955AA2500CDD9FD /* CyclesTouch.app */,
				1613F9C11955AA2500CDD9FD /* CyclesTouchTests.xctest */,
			);
			name = Products;
			sourceTree = "<group>";
		};
		1613F9B61955AA2500CDD9FD /* CyclesTouch */ = {
			isa = PBXGroup;
			children = (
				1613F9B91955AA2500CDD9FD /* AppDelegate.swift */,
				16C51142198E163400698BD5 /* FooService.swift */,
				16C51144198E42AF00698BD5 /* FooService.plist */,
				16F874C2198E8734002B642C /* GitHub.plist */,
				1613F9BB1955AA2500CDD9FD /* Images.xcassets */,
				1613F9B71955AA2500CDD9FD /* Supporting Files */,
				16C51140198E160300698BD5 /* Playground.swift */,
			);
			path = CyclesTouch;
			sourceTree = "<group>";
		};
		1613F9B71955AA2500CDD9FD /* Supporting Files */ = {
			isa = PBXGroup;
			children = (
				1613F9B81955AA2500CDD9FD /* Info.plist */,
			);
			name = "Supporting Files";
			sourceTree = "<group>";
		};
		1613F9C41955AA2500CDD9FD /* CyclesTouchTests */ = {
			isa = PBXGroup;
			children = (
				16FAA01C19589E1C00CE1F47 /* data */,
				16FAA0251958A17400CE1F47 /* Tests.swift */,
				1613F9EA1955E29200CDD9FD /* CycleTests.swift */,
				16D07505196A21C100045CE0 /* SessionTests.swift */,
				16E51784195A2F990015DCB8 /* Cycle+ConvenienceTests.swift */,
				1613F9E41955AA6B00CDD9FD /* HelperTests.swift */,
				162019BD195CF68E00CA3A80 /* ProcessorTests.swift */,
				16C5113E198DDBB800698BD5 /* ServiceTests.swift */,
				16F874C4198E8EDB002B642C /* URITemplateTests.swift */,
				1613F9C51955AA2500CDD9FD /* Supporting Files */,
			);
			path = CyclesTouchTests;
			sourceTree = "<group>";
		};
		1613F9C51955AA2500CDD9FD /* Supporting Files */ = {
			isa = PBXGroup;
			children = (
				1613F9C61955AA2500CDD9FD /* Info.plist */,
			);
			name = "Supporting Files";
			sourceTree = "<group>";
		};
		1613F9D11955AA4F00CDD9FD /* Cycles */ = {
			isa = PBXGroup;
			children = (
				1613F9D21955AA5800CDD9FD /* Authentication.swift */,
				1613F9D31955AA5800CDD9FD /* Cycle.swift */,
				16E51782195A23270015DCB8 /* Cycle+Convenience.swift */,
				1613F9D41955AA5800CDD9FD /* Cycles.strings */,
				1613F9D51955AA5800CDD9FD /* Error.swift */,
				1613F9D61955AA5800CDD9FD /* Helper.swift */,
				165866BC1965E4E200FC2083 /* NetworkActivityIndicator.swift */,
				1613F9D71955AA5800CDD9FD /* Processor.swift */,
				1613F9D81955AA5800CDD9FD /* Request.swift */,
				1613F9D91955AA5800CDD9FD /* Response.swift */,
				1613F9DA1955AA5800CDD9FD /* Session.swift */,
				1648FC6C198B9EF000C5BAE5 /* URITemplate.swift */,
				1648FC6E198BA17C00C5BAE5 /* Service.swift */,
			);
			name = Cycles;
			sourceTree = "<group>";
		};
		16FAA01C19589E1C00CE1F47 /* data */ = {
			isa = PBXGroup;
			children = (
				16FAA01D19589E1C00CE1F47 /* upload.txt */,
				16C51146198E461800698BD5 /* FooTestService.plist */,
				16C51150198E7A2D00698BD5 /* FooTestMoreService.plist */,
				16C51148198E484D00698BD5 /* FooTestService_DuplicateName.plist */,
				16C51149198E484D00698BD5 /* FooTestService_NameNotFound.plist */,
				16C5114A198E484D00698BD5 /* FooTestService_NoResources.plist */,
				16C5114B198E484D00698BD5 /* FooTestService_URITemplateNotFound.plist */,
				16F874C6198E8EE2002B642C /* URITemplateRFCTests.json */,
			);
			name = data;
			path = ../../tests/data;
			sourceTree = "<group>";
		};
/* End PBXGroup section */

/* Begin PBXNativeTarget section */
		1613F9B31955AA2500CDD9FD /* CyclesTouch */ = {
			isa = PBXNativeTarget;
			buildConfigurationList = 1613F9CB1955AA2500CDD9FD /* Build configuration list for PBXNativeTarget "CyclesTouch" */;
			buildPhases = (
				1613F9B01955AA2500CDD9FD /* Sources */,
				1613F9B11955AA2500CDD9FD /* Frameworks */,
				1613F9B21955AA2500CDD9FD /* Resources */,
			);
			buildRules = (
			);
			dependencies = (
			);
			name = CyclesTouch;
			productName = CyclesTouch;
			productReference = 1613F9B41955AA2500CDD9FD /* CyclesTouch.app */;
			productType = "com.apple.product-type.application";
		};
		1613F9C01955AA2500CDD9FD /* CyclesTouchTests */ = {
			isa = PBXNativeTarget;
			buildConfigurationList = 1613F9CE1955AA2500CDD9FD /* Build configuration list for PBXNativeTarget "CyclesTouchTests" */;
			buildPhases = (
				1613F9BD1955AA2500CDD9FD /* Sources */,
				1613F9BE1955AA2500CDD9FD /* Frameworks */,
				1613F9BF1955AA2500CDD9FD /* Resources */,
			);
			buildRules = (
			);
			dependencies = (
				1613F9C31955AA2500CDD9FD /* PBXTargetDependency */,
				1613F9ED1955F98D00CDD9FD /* PBXTargetDependency */,
				1613F9EF1955F98D00CDD9FD /* PBXTargetDependency */,
				1613F9F11955F99000CDD9FD /* PBXTargetDependency */,
				1613F9F31955FBCF00CDD9FD /* PBXTargetDependency */,
				1613F9F5195611F800CDD9FD /* PBXTargetDependency */,
				16FAA02019589FE700CE1F47 /* PBXTargetDependency */,
				16FAA02219589FE700CE1F47 /* PBXTargetDependency */,
				16FAA02419589FEC00CE1F47 /* PBXTargetDependency */,
				164C8C13195CC72F0062C278 /* PBXTargetDependency */,
			);
			name = CyclesTouchTests;
			productName = CyclesTouchTests;
			productReference = 1613F9C11955AA2500CDD9FD /* CyclesTouchTests.xctest */;
			productType = "com.apple.product-type.bundle.unit-test";
		};
/* End PBXNativeTarget section */

/* Begin PBXProject section */
		1613F9AC1955AA2500CDD9FD /* Project object */ = {
			isa = PBXProject;
			attributes = {
				LastUpgradeCheck = 0600;
				ORGANIZATIONNAME = Cocoahope;
				TargetAttributes = {
					1613F9B31955AA2500CDD9FD = {
						CreatedOnToolsVersion = 6.0;
					};
					1613F9C01955AA2500CDD9FD = {
						CreatedOnToolsVersion = 6.0;
						TestTargetID = 1613F9B31955AA2500CDD9FD;
					};
				};
			};
			buildConfigurationList = 1613F9AF1955AA2500CDD9FD /* Build configuration list for PBXProject "CyclesTouch" */;
			compatibilityVersion = "Xcode 3.2";
			developmentRegion = English;
			hasScannedForEncodings = 0;
			knownRegions = (
				en,
			);
			mainGroup = 1613F9AB1955AA2500CDD9FD;
			productRefGroup = 1613F9B51955AA2500CDD9FD /* Products */;
			projectDirPath = "";
			projectRoot = "";
			targets = (
				1613F9B31955AA2500CDD9FD /* CyclesTouch */,
				1613F9C01955AA2500CDD9FD /* CyclesTouchTests */,
			);
		};
/* End PBXProject section */

/* Begin PBXResourcesBuildPhase section */
		1613F9B21955AA2500CDD9FD /* Resources */ = {
			isa = PBXResourcesBuildPhase;
			buildActionMask = 2147483647;
			files = (
				1613F9BC1955AA2500CDD9FD /* Images.xcassets in Resources */,
				1613F9DD1955AA5800CDD9FD /* Cycles.strings in Resources */,
				16F874C1198E831E002B642C /* FooTestMoreService.plist in Resources */,
				16C51145198E42AF00698BD5 /* FooService.plist in Resources */,
				16F874C3198E8734002B642C /* GitHub.plist in Resources */,
			);
			runOnlyForDeploymentPostprocessing = 0;
		};
		1613F9BF1955AA2500CDD9FD /* Resources */ = {
			isa = PBXResourcesBuildPhase;
			buildActionMask = 2147483647;
			files = (
				16FAA01E19589E1C00CE1F47 /* upload.txt in Resources */,
				16C51147198E461800698BD5 /* FooTestService.plist in Resources */,
				16F874C7198E8EE2002B642C /* URITemplateRFCTests.json in Resources */,
				16C5114C198E484D00698BD5 /* FooTestService_DuplicateName.plist in Resources */,
				16C5114D198E484D00698BD5 /* FooTestService_NameNotFound.plist in Resources */,
				16C51151198E7A2D00698BD5 /* FooTestMoreService.plist in Resources */,
				16C5114E198E484D00698BD5 /* FooTestService_NoResources.plist in Resources */,
				16C5114F198E484D00698BD5 /* FooTestService_URITemplateNotFound.plist in Resources */,
			);
			runOnlyForDeploymentPostprocessing = 0;
		};
/* End PBXResourcesBuildPhase section */

/* Begin PBXSourcesBuildPhase section */
		1613F9B01955AA2500CDD9FD /* Sources */ = {
			isa = PBXSourcesBuildPhase;
			buildActionMask = 2147483647;
			files = (
				1648FC6D198B9EF000C5BAE5 /* URITemplate.swift in Sources */,
				1613F9E21955AA5800CDD9FD /* Response.swift in Sources */,
				165866BD1965E4E200FC2083 /* NetworkActivityIndicator.swift in Sources */,
				1613F9E01955AA5800CDD9FD /* Processor.swift in Sources */,
				16C51143198E163400698BD5 /* FooService.swift in Sources */,
				1613F9DE1955AA5800CDD9FD /* Error.swift in Sources */,
				1613F9BA1955AA2500CDD9FD /* AppDelegate.swift in Sources */,
				16E51783195A23270015DCB8 /* Cycle+Convenience.swift in Sources */,
				1648FC6F198BA17C00C5BAE5 /* Service.swift in Sources */,
				1613F9DF1955AA5800CDD9FD /* Helper.swift in Sources */,
				1613F9E11955AA5800CDD9FD /* Request.swift in Sources */,
				1613F9DB1955AA5800CDD9FD /* Authentication.swift in Sources */,
				1613F9DC1955AA5800CDD9FD /* Cycle.swift in Sources */,
				1613F9E31955AA5800CDD9FD /* Session.swift in Sources */,
			);
			runOnlyForDeploymentPostprocessing = 0;
		};
		1613F9BD1955AA2500CDD9FD /* Sources */ = {
			isa = PBXSourcesBuildPhase;
			buildActionMask = 2147483647;
			files = (
				1613F9EB1955E29200CDD9FD /* CycleTests.swift in Sources */,
				16C5113F198DDBB800698BD5 /* ServiceTests.swift in Sources */,
				165866BE1965E4E200FC2083 /* NetworkActivityIndicator.swift in Sources */,
				16F874C5198E8EDB002B642C /* URITemplateTests.swift in Sources */,
				16D07506196A21C100045CE0 /* SessionTests.swift in Sources */,
				162019BE195CF68E00CA3A80 /* ProcessorTests.swift in Sources */,
				1613F9E51955AA6B00CDD9FD /* HelperTests.swift in Sources */,
				16E51785195A2F990015DCB8 /* Cycle+ConvenienceTests.swift in Sources */,
				16FAA0261958A17400CE1F47 /* Tests.swift in Sources */,
			);
			runOnlyForDeploymentPostprocessing = 0;
		};
/* End PBXSourcesBuildPhase section */

/* Begin PBXTargetDependency section */
		1613F9C31955AA2500CDD9FD /* PBXTargetDependency */ = {
			isa = PBXTargetDependency;
			target = 1613F9B31955AA2500CDD9FD /* CyclesTouch */;
			targetProxy = 1613F9C21955AA2500CDD9FD /* PBXContainerItemProxy */;
		};
		1613F9ED1955F98D00CDD9FD /* PBXTargetDependency */ = {
			isa = PBXTargetDependency;
			target = 1613F9B31955AA2500CDD9FD /* CyclesTouch */;
			targetProxy = 1613F9EC1955F98D00CDD9FD /* PBXContainerItemProxy */;
		};
		1613F9EF1955F98D00CDD9FD /* PBXTargetDependency */ = {
			isa = PBXTargetDependency;
			target = 1613F9B31955AA2500CDD9FD /* CyclesTouch */;
			targetProxy = 1613F9EE1955F98D00CDD9FD /* PBXContainerItemProxy */;
		};
		1613F9F11955F99000CDD9FD /* PBXTargetDependency */ = {
			isa = PBXTargetDependency;
			target = 1613F9B31955AA2500CDD9FD /* CyclesTouch */;
			targetProxy = 1613F9F01955F99000CDD9FD /* PBXContainerItemProxy */;
		};
		1613F9F31955FBCF00CDD9FD /* PBXTargetDependency */ = {
			isa = PBXTargetDependency;
			target = 1613F9B31955AA2500CDD9FD /* CyclesTouch */;
			targetProxy = 1613F9F21955FBCF00CDD9FD /* PBXContainerItemProxy */;
		};
		1613F9F5195611F800CDD9FD /* PBXTargetDependency */ = {
			isa = PBXTargetDependency;
			target = 1613F9B31955AA2500CDD9FD /* CyclesTouch */;
			targetProxy = 1613F9F4195611F800CDD9FD /* PBXContainerItemProxy */;
		};
		164C8C13195CC72F0062C278 /* PBXTargetDependency */ = {
			isa = PBXTargetDependency;
			target = 1613F9B31955AA2500CDD9FD /* CyclesTouch */;
			targetProxy = 164C8C12195CC72F0062C278 /* PBXContainerItemProxy */;
		};
		16FAA02019589FE700CE1F47 /* PBXTargetDependency */ = {
			isa = PBXTargetDependency;
			target = 1613F9B31955AA2500CDD9FD /* CyclesTouch */;
			targetProxy = 16FAA01F19589FE700CE1F47 /* PBXContainerItemProxy */;
		};
		16FAA02219589FE700CE1F47 /* PBXTargetDependency */ = {
			isa = PBXTargetDependency;
			target = 1613F9B31955AA2500CDD9FD /* CyclesTouch */;
			targetProxy = 16FAA02119589FE700CE1F47 /* PBXContainerItemProxy */;
		};
		16FAA02419589FEC00CE1F47 /* PBXTargetDependency */ = {
			isa = PBXTargetDependency;
			target = 1613F9B31955AA2500CDD9FD /* CyclesTouch */;
			targetProxy = 16FAA02319589FEC00CE1F47 /* PBXContainerItemProxy */;
		};
/* End PBXTargetDependency section */

/* Begin XCBuildConfiguration section */
		1613F9C91955AA2500CDD9FD /* Debug */ = {
			isa = XCBuildConfiguration;
			buildSettings = {
				ALWAYS_SEARCH_USER_PATHS = NO;
				CLANG_CXX_LANGUAGE_STANDARD = "gnu++0x";
				CLANG_CXX_LIBRARY = "libc++";
				CLANG_ENABLE_MODULES = YES;
				CLANG_ENABLE_OBJC_ARC = YES;
				CLANG_WARN_BOOL_CONVERSION = YES;
				CLANG_WARN_CONSTANT_CONVERSION = YES;
				CLANG_WARN_DIRECT_OBJC_ISA_USAGE = YES_ERROR;
				CLANG_WARN_EMPTY_BODY = YES;
				CLANG_WARN_ENUM_CONVERSION = YES;
				CLANG_WARN_INT_CONVERSION = YES;
				CLANG_WARN_OBJC_ROOT_CLASS = YES_ERROR;
				CLANG_WARN_UNREACHABLE_CODE = YES;
				CLANG_WARN__DUPLICATE_METHOD_MATCH = YES;
				"CODE_SIGN_IDENTITY[sdk=iphoneos*]" = "iPhone Developer";
				COPY_PHASE_STRIP = NO;
				ENABLE_STRICT_OBJC_MSGSEND = YES;
				GCC_C_LANGUAGE_STANDARD = gnu99;
				GCC_DYNAMIC_NO_PIC = NO;
				GCC_OPTIMIZATION_LEVEL = 0;
				GCC_PREPROCESSOR_DEFINITIONS = (
					"DEBUG=1",
					"$(inherited)",
				);
				GCC_SYMBOLS_PRIVATE_EXTERN = NO;
				GCC_WARN_64_TO_32_BIT_CONVERSION = YES;
				GCC_WARN_ABOUT_RETURN_TYPE = YES_ERROR;
				GCC_WARN_UNDECLARED_SELECTOR = YES;
				GCC_WARN_UNINITIALIZED_AUTOS = YES_AGGRESSIVE;
				GCC_WARN_UNUSED_FUNCTION = YES;
				GCC_WARN_UNUSED_VARIABLE = YES;
				IPHONEOS_DEPLOYMENT_TARGET = 8.0;
				METAL_ENABLE_DEBUG_INFO = YES;
				ONLY_ACTIVE_ARCH = YES;
				SDKROOT = iphoneos;
				SWIFT_OPTIMIZATION_LEVEL = "-Onone";
			};
			name = Debug;
		};
		1613F9CA1955AA2500CDD9FD /* Release */ = {
			isa = XCBuildConfiguration;
			buildSettings = {
				ALWAYS_SEARCH_USER_PATHS = NO;
				CLANG_CXX_LANGUAGE_STANDARD = "gnu++0x";
				CLANG_CXX_LIBRARY = "libc++";
				CLANG_ENABLE_MODULES = YES;
				CLANG_ENABLE_OBJC_ARC = YES;
				CLANG_WARN_BOOL_CONVERSION = YES;
				CLANG_WARN_CONSTANT_CONVERSION = YES;
				CLANG_WARN_DIRECT_OBJC_ISA_USAGE = YES_ERROR;
				CLANG_WARN_EMPTY_BODY = YES;
				CLANG_WARN_ENUM_CONVERSION = YES;
				CLANG_WARN_INT_CONVERSION = YES;
				CLANG_WARN_OBJC_ROOT_CLASS = YES_ERROR;
				CLANG_WARN_UNREACHABLE_CODE = YES;
				CLANG_WARN__DUPLICATE_METHOD_MATCH = YES;
				"CODE_SIGN_IDENTITY[sdk=iphoneos*]" = "iPhone Developer";
				COPY_PHASE_STRIP = YES;
				ENABLE_NS_ASSERTIONS = NO;
				ENABLE_STRICT_OBJC_MSGSEND = YES;
				GCC_C_LANGUAGE_STANDARD = gnu99;
				GCC_WARN_64_TO_32_BIT_CONVERSION = YES;
				GCC_WARN_ABOUT_RETURN_TYPE = YES_ERROR;
				GCC_WARN_UNDECLARED_SELECTOR = YES;
				GCC_WARN_UNINITIALIZED_AUTOS = YES_AGGRESSIVE;
				GCC_WARN_UNUSED_FUNCTION = YES;
				GCC_WARN_UNUSED_VARIABLE = YES;
				IPHONEOS_DEPLOYMENT_TARGET = 8.0;
				METAL_ENABLE_DEBUG_INFO = NO;
				SDKROOT = iphoneos;
				VALIDATE_PRODUCT = YES;
			};
			name = Release;
		};
		1613F9CC1955AA2500CDD9FD /* Debug */ = {
			isa = XCBuildConfiguration;
			buildSettings = {
				ASSETCATALOG_COMPILER_APPICON_NAME = AppIcon;
				ASSETCATALOG_COMPILER_LAUNCHIMAGE_NAME = LaunchImage;
				CLANG_ENABLE_MODULES = YES;
				INFOPLIST_FILE = CyclesTouch/Info.plist;
				LD_RUNPATH_SEARCH_PATHS = "$(inherited) @executable_path/Frameworks";
				PRODUCT_NAME = "$(TARGET_NAME)";
				SWIFT_OBJC_BRIDGING_HEADER = "";
				SWIFT_OPTIMIZATION_LEVEL = "-Onone";
			};
			name = Debug;
		};
		1613F9CD1955AA2500CDD9FD /* Release */ = {
			isa = XCBuildConfiguration;
			buildSettings = {
				ASSETCATALOG_COMPILER_APPICON_NAME = AppIcon;
				ASSETCATALOG_COMPILER_LAUNCHIMAGE_NAME = LaunchImage;
				CLANG_ENABLE_MODULES = YES;
				INFOPLIST_FILE = CyclesTouch/Info.plist;
				LD_RUNPATH_SEARCH_PATHS = "$(inherited) @executable_path/Frameworks";
				PRODUCT_NAME = "$(TARGET_NAME)";
				SWIFT_OBJC_BRIDGING_HEADER = "";
			};
			name = Release;
		};
		1613F9CF1955AA2500CDD9FD /* Debug */ = {
			isa = XCBuildConfiguration;
			buildSettings = {
				BUNDLE_LOADER = "$(BUILT_PRODUCTS_DIR)/CyclesTouch.app/CyclesTouch";
				FRAMEWORK_SEARCH_PATHS = (
					"$(SDKROOT)/Developer/Library/Frameworks",
					"$(inherited)",
				);
				GCC_PREPROCESSOR_DEFINITIONS = (
					"DEBUG=1",
					"$(inherited)",
				);
				HEADER_SEARCH_PATHS = (
					"$(inherited)",
					"/Applications/Xcode6-Beta2.app/Contents/Developer/Toolchains/XcodeDefault.xctoolchain/usr/include",
					"$(SRCROOT)/../source/",
				);
				INFOPLIST_FILE = CyclesTouchTests/Info.plist;
				LD_RUNPATH_SEARCH_PATHS = "$(inherited) @executable_path/Frameworks @loader_path/Frameworks";
				METAL_ENABLE_DEBUG_INFO = YES;
				PRODUCT_NAME = "$(TARGET_NAME)";
				TEST_HOST = "$(BUNDLE_LOADER)";
			};
			name = Debug;
		};
		1613F9D01955AA2500CDD9FD /* Release */ = {
			isa = XCBuildConfiguration;
			buildSettings = {
				BUNDLE_LOADER = "$(BUILT_PRODUCTS_DIR)/CyclesTouch.app/CyclesTouch";
				FRAMEWORK_SEARCH_PATHS = (
					"$(SDKROOT)/Developer/Library/Frameworks",
					"$(inherited)",
				);
				HEADER_SEARCH_PATHS = (
					"$(inherited)",
					"/Applications/Xcode6-Beta2.app/Contents/Developer/Toolchains/XcodeDefault.xctoolchain/usr/include",
					"$(SRCROOT)/../source/",
				);
				INFOPLIST_FILE = CyclesTouchTests/Info.plist;
				LD_RUNPATH_SEARCH_PATHS = "$(inherited) @executable_path/Frameworks @loader_path/Frameworks";
				METAL_ENABLE_DEBUG_INFO = NO;
				PRODUCT_NAME = "$(TARGET_NAME)";
				TEST_HOST = "$(BUNDLE_LOADER)";
			};
			name = Release;
		};
/* End XCBuildConfiguration section */

/* Begin XCConfigurationList section */
		1613F9AF1955AA2500CDD9FD /* Build configuration list for PBXProject "CyclesTouch" */ = {
			isa = XCConfigurationList;
			buildConfigurations = (
				1613F9C91955AA2500CDD9FD /* Debug */,
				1613F9CA1955AA2500CDD9FD /* Release */,
			);
			defaultConfigurationIsVisible = 0;
			defaultConfigurationName = Release;
		};
		1613F9CB1955AA2500CDD9FD /* Build configuration list for PBXNativeTarget "CyclesTouch" */ = {
			isa = XCConfigurationList;
			buildConfigurations = (
				1613F9CC1955AA2500CDD9FD /* Debug */,
				1613F9CD1955AA2500CDD9FD /* Release */,
			);
			defaultConfigurationIsVisible = 0;
			defaultConfigurationName = Release;
		};
		1613F9CE1955AA2500CDD9FD /* Build configuration list for PBXNativeTarget "CyclesTouchTests" */ = {
			isa = XCConfigurationList;
			buildConfigurations = (
				1613F9CF1955AA2500CDD9FD /* Debug */,
				1613F9D01955AA2500CDD9FD /* Release */,
			);
			defaultConfigurationIsVisible = 0;
			defaultConfigurationName = Release;
		};
/* End XCConfigurationList section */
	};
	rootObject = 1613F9AC1955AA2500CDD9FD /* Project object */;
}
