// !$*UTF8*$!
{
	archiveVersion = 1;
	classes = {
	};
	objectVersion = 46;
	objects = {

/* Begin PBXBuildFile section */
		1613F9BA1955AA2500CDD9FD /* AppDelegate.swift in Sources */ = {isa = PBXBuildFile; fileRef = 1613F9B91955AA2500CDD9FD /* AppDelegate.swift */; };
		1613F9BC1955AA2500CDD9FD /* Images.xcassets in Resources */ = {isa = PBXBuildFile; fileRef = 1613F9BB1955AA2500CDD9FD /* Images.xcassets */; };
		1613F9DB1955AA5800CDD9FD /* Authentication.swift in Sources */ = {isa = PBXBuildFile; fileRef = 1613F9D21955AA5800CDD9FD /* Authentication.swift */; };
		1613F9DC1955AA5800CDD9FD /* Cycle.swift in Sources */ = {isa = PBXBuildFile; fileRef = 1613F9D31955AA5800CDD9FD /* Cycle.swift */; };
		1613F9DD1955AA5800CDD9FD /* Cycles.strings in Resources */ = {isa = PBXBuildFile; fileRef = 1613F9D41955AA5800CDD9FD /* Cycles.strings */; };
		1613F9DE1955AA5800CDD9FD /* Error.swift in Sources */ = {isa = PBXBuildFile; fileRef = 1613F9D51955AA5800CDD9FD /* Error.swift */; };
		1613F9DF1955AA5800CDD9FD /* Helper.swift in Sources */ = {isa = PBXBuildFile; fileRef = 1613F9D61955AA5800CDD9FD /* Helper.swift */; };
		1613F9E01955AA5800CDD9FD /* Processor.swift in Sources */ = {isa = PBXBuildFile; fileRef = 1613F9D71955AA5800CDD9FD /* Processor.swift */; };
		1613F9E11955AA5800CDD9FD /* Request.swift in Sources */ = {isa = PBXBuildFile; fileRef = 1613F9D81955AA5800CDD9FD /* Request.swift */; };
		1613F9E21955AA5800CDD9FD /* Response.swift in Sources */ = {isa = PBXBuildFile; fileRef = 1613F9D91955AA5800CDD9FD /* Response.swift */; };
		1613F9E31955AA5800CDD9FD /* Session.swift in Sources */ = {isa = PBXBuildFile; fileRef = 1613F9DA1955AA5800CDD9FD /* Session.swift */; };
		1613F9E51955AA6B00CDD9FD /* HelperTests.swift in Sources */ = {isa = PBXBuildFile; fileRef = 1613F9E41955AA6B00CDD9FD /* HelperTests.swift */; };
		1613F9E91955AACE00CDD9FD /* Bridge.m in Sources */ = {isa = PBXBuildFile; fileRef = 1613F9E81955AACE00CDD9FD /* Bridge.m */; };
		1613F9EB1955E29200CDD9FD /* CycleTests.swift in Sources */ = {isa = PBXBuildFile; fileRef = 1613F9EA1955E29200CDD9FD /* CycleTests.swift */; };
/* End PBXBuildFile section */

/* Begin PBXContainerItemProxy section */
		1613F9C21955AA2500CDD9FD /* PBXContainerItemProxy */ = {
			isa = PBXContainerItemProxy;
			containerPortal = 1613F9AC1955AA2500CDD9FD /* Project object */;
			proxyType = 1;
			remoteGlobalIDString = 1613F9B31955AA2500CDD9FD;
			remoteInfo = CyclesTouch;
		};
		1613F9EC1955F98D00CDD9FD /* PBXContainerItemProxy */ = {
			isa = PBXContainerItemProxy;
			containerPortal = 1613F9AC1955AA2500CDD9FD /* Project object */;
			proxyType = 1;
			remoteGlobalIDString = 1613F9B31955AA2500CDD9FD;
			remoteInfo = CyclesTouch;
		};
		1613F9EE1955F98D00CDD9FD /* PBXContainerItemProxy */ = {
			isa = PBXContainerItemProxy;
			containerPortal = 1613F9AC1955AA2500CDD9FD /* Project object */;
			proxyType = 1;
			remoteGlobalIDString = 1613F9B31955AA2500CDD9FD;
			remoteInfo = CyclesTouch;
		};
		1613F9F01955F99000CDD9FD /* PBXContainerItemProxy */ = {
			isa = PBXContainerItemProxy;
			containerPortal = 1613F9AC1955AA2500CDD9FD /* Project object */;
			proxyType = 1;
			remoteGlobalIDString = 1613F9B31955AA2500CDD9FD;
			remoteInfo = CyclesTouch;
		};
		1613F9F21955FBCF00CDD9FD /* PBXContainerItemProxy */ = {
			isa = PBXContainerItemProxy;
			containerPortal = 1613F9AC1955AA2500CDD9FD /* Project object */;
			proxyType = 1;
			remoteGlobalIDString = 1613F9B31955AA2500CDD9FD;
			remoteInfo = CyclesTouch;
		};
		1613F9F4195611F800CDD9FD /* PBXContainerItemProxy */ = {
			isa = PBXContainerItemProxy;
			containerPortal = 1613F9AC1955AA2500CDD9FD /* Project object */;
			proxyType = 1;
			remoteGlobalIDString = 1613F9B31955AA2500CDD9FD;
			remoteInfo = CyclesTouch;
		};
/* End PBXContainerItemProxy section */

/* Begin PBXFileReference section */
		1613F9B41955AA2500CDD9FD /* CyclesTouch.app */ = {isa = PBXFileReference; explicitFileType = wrapper.application; includeInIndex = 0; path = CyclesTouch.app; sourceTree = BUILT_PRODUCTS_DIR; };
		1613F9B81955AA2500CDD9FD /* Info.plist */ = {isa = PBXFileReference; lastKnownFileType = text.plist.xml; path = Info.plist; sourceTree = "<group>"; };
		1613F9B91955AA2500CDD9FD /* AppDelegate.swift */ = {isa = PBXFileReference; lastKnownFileType = sourcecode.swift; path = AppDelegate.swift; sourceTree = "<group>"; };
		1613F9BB1955AA2500CDD9FD /* Images.xcassets */ = {isa = PBXFileReference; lastKnownFileType = folder.assetcatalog; path = Images.xcassets; sourceTree = "<group>"; };
		1613F9C11955AA2500CDD9FD /* CyclesTouchTests.xctest */ = {isa = PBXFileReference; explicitFileType = wrapper.cfbundle; includeInIndex = 0; path = CyclesTouchTests.xctest; sourceTree = BUILT_PRODUCTS_DIR; };
		1613F9C61955AA2500CDD9FD /* Info.plist */ = {isa = PBXFileReference; lastKnownFileType = text.plist.xml; path = Info.plist; sourceTree = "<group>"; };
		1613F9D21955AA5800CDD9FD /* Authentication.swift */ = {isa = PBXFileReference; fileEncoding = 4; lastKnownFileType = sourcecode.swift; name = Authentication.swift; path = ../source/Authentication.swift; sourceTree = "<group>"; };
		1613F9D31955AA5800CDD9FD /* Cycle.swift */ = {isa = PBXFileReference; fileEncoding = 4; lastKnownFileType = sourcecode.swift; name = Cycle.swift; path = ../source/Cycle.swift; sourceTree = "<group>"; };
		1613F9D41955AA5800CDD9FD /* Cycles.strings */ = {isa = PBXFileReference; fileEncoding = 4; lastKnownFileType = text.plist.strings; name = Cycles.strings; path = ../source/Cycles.strings; sourceTree = "<group>"; };
		1613F9D51955AA5800CDD9FD /* Error.swift */ = {isa = PBXFileReference; fileEncoding = 4; lastKnownFileType = sourcecode.swift; name = Error.swift; path = ../source/Error.swift; sourceTree = "<group>"; };
		1613F9D61955AA5800CDD9FD /* Helper.swift */ = {isa = PBXFileReference; fileEncoding = 4; lastKnownFileType = sourcecode.swift; name = Helper.swift; path = ../source/Helper.swift; sourceTree = "<group>"; };
		1613F9D71955AA5800CDD9FD /* Processor.swift */ = {isa = PBXFileReference; fileEncoding = 4; lastKnownFileType = sourcecode.swift; name = Processor.swift; path = ../source/Processor.swift; sourceTree = "<group>"; };
		1613F9D81955AA5800CDD9FD /* Request.swift */ = {isa = PBXFileReference; fileEncoding = 4; lastKnownFileType = sourcecode.swift; name = Request.swift; path = ../source/Request.swift; sourceTree = "<group>"; };
		1613F9D91955AA5800CDD9FD /* Response.swift */ = {isa = PBXFileReference; fileEncoding = 4; lastKnownFileType = sourcecode.swift; name = Response.swift; path = ../source/Response.swift; sourceTree = "<group>"; };
		1613F9DA1955AA5800CDD9FD /* Session.swift */ = {isa = PBXFileReference; fileEncoding = 4; lastKnownFileType = sourcecode.swift; name = Session.swift; path = ../source/Session.swift; sourceTree = "<group>"; };
		1613F9E41955AA6B00CDD9FD /* HelperTests.swift */ = {isa = PBXFileReference; fileEncoding = 4; lastKnownFileType = sourcecode.swift; name = HelperTests.swift; path = ../../Tests/HelperTests.swift; sourceTree = "<group>"; };
		1613F9E61955AACD00CDD9FD /* CyclesTouch-Bridging-Header.h */ = {isa = PBXFileReference; lastKnownFileType = sourcecode.c.h; path = "CyclesTouch-Bridging-Header.h"; sourceTree = "<group>"; };
		1613F9E71955AACE00CDD9FD /* Bridge.h */ = {isa = PBXFileReference; fileEncoding = 4; lastKnownFileType = sourcecode.c.h; name = Bridge.h; path = ../source/Bridge.h; sourceTree = "<group>"; };
		1613F9E81955AACE00CDD9FD /* Bridge.m */ = {isa = PBXFileReference; fileEncoding = 4; lastKnownFileType = sourcecode.c.objc; name = Bridge.m; path = ../source/Bridge.m; sourceTree = "<group>"; };
		1613F9EA1955E29200CDD9FD /* CycleTests.swift */ = {isa = PBXFileReference; fileEncoding = 4; lastKnownFileType = sourcecode.swift; name = CycleTests.swift; path = ../../tests/CycleTests.swift; sourceTree = "<group>"; };
/* End PBXFileReference section */

/* Begin PBXFrameworksBuildPhase section */
		1613F9B11955AA2500CDD9FD /* Frameworks */ = {
			isa = PBXFrameworksBuildPhase;
			buildActionMask = 2147483647;
			files = (
			);
			runOnlyForDeploymentPostprocessing = 0;
		};
		1613F9BE1955AA2500CDD9FD /* Frameworks */ = {
			isa = PBXFrameworksBuildPhase;
			buildActionMask = 2147483647;
			files = (
			);
			runOnlyForDeploymentPostprocessing = 0;
		};
/* End PBXFrameworksBuildPhase section */

/* Begin PBXGroup section */
		1613F9AB1955AA2500CDD9FD = {
			isa = PBXGroup;
			children = (
				1613F9B61955AA2500CDD9FD /* CyclesTouch */,
				1613F9D11955AA4F00CDD9FD /* Cycles */,
				1613F9C41955AA2500CDD9FD /* CyclesTouchTests */,
				1613F9B51955AA2500CDD9FD /* Products */,
			);
			sourceTree = "<group>";
		};
		1613F9B51955AA2500CDD9FD /* Products */ = {
			isa = PBXGroup;
			children = (
				1613F9B41955AA2500CDD9FD /* CyclesTouch.app */,
				1613F9C11955AA2500CDD9FD /* CyclesTouchTests.xctest */,
			);
			name = Products;
			sourceTree = "<group>";
		};
		1613F9B61955AA2500CDD9FD /* CyclesTouch */ = {
			isa = PBXGroup;
			children = (
				1613F9B91955AA2500CDD9FD /* AppDelegate.swift */,
				1613F9BB1955AA2500CDD9FD /* Images.xcassets */,
				1613F9B71955AA2500CDD9FD /* Supporting Files */,
			);
			path = CyclesTouch;
			sourceTree = "<group>";
		};
		1613F9B71955AA2500CDD9FD /* Supporting Files */ = {
			isa = PBXGroup;
			children = (
				1613F9B81955AA2500CDD9FD /* Info.plist */,
			);
			name = "Supporting Files";
			sourceTree = "<group>";
		};
		1613F9C41955AA2500CDD9FD /* CyclesTouchTests */ = {
			isa = PBXGroup;
			children = (
				1613F9EA1955E29200CDD9FD /* CycleTests.swift */,
				1613F9E41955AA6B00CDD9FD /* HelperTests.swift */,
				1613F9C51955AA2500CDD9FD /* Supporting Files */,
			);
			path = CyclesTouchTests;
			sourceTree = "<group>";
		};
		1613F9C51955AA2500CDD9FD /* Supporting Files */ = {
			isa = PBXGroup;
			children = (
				1613F9C61955AA2500CDD9FD /* Info.plist */,
			);
			name = "Supporting Files";
			sourceTree = "<group>";
		};
		1613F9D11955AA4F00CDD9FD /* Cycles */ = {
			isa = PBXGroup;
			children = (
				1613F9D21955AA5800CDD9FD /* Authentication.swift */,
				1613F9E71955AACE00CDD9FD /* Bridge.h */,
				1613F9E81955AACE00CDD9FD /* Bridge.m */,
				1613F9D31955AA5800CDD9FD /* Cycle.swift */,
				1613F9D41955AA5800CDD9FD /* Cycles.strings */,
				1613F9D51955AA5800CDD9FD /* Error.swift */,
				1613F9D61955AA5800CDD9FD /* Helper.swift */,
				1613F9D71955AA5800CDD9FD /* Processor.swift */,
				1613F9D81955AA5800CDD9FD /* Request.swift */,
				1613F9D91955AA5800CDD9FD /* Response.swift */,
				1613F9DA1955AA5800CDD9FD /* Session.swift */,
				1613F9E61955AACD00CDD9FD /* CyclesTouch-Bridging-Header.h */,
			);
			name = Cycles;
			sourceTree = "<group>";
		};
/* End PBXGroup section */

/* Begin PBXNativeTarget section */
		1613F9B31955AA2500CDD9FD /* CyclesTouch */ = {
			isa = PBXNativeTarget;
			buildConfigurationList = 1613F9CB1955AA2500CDD9FD /* Build configuration list for PBXNativeTarget "CyclesTouch" */;
			buildPhases = (
				1613F9B01955AA2500CDD9FD /* Sources */,
				1613F9B11955AA2500CDD9FD /* Frameworks */,
				1613F9B21955AA2500CDD9FD /* Resources */,
			);
			buildRules = (
			);
			dependencies = (
			);
			name = CyclesTouch;
			productName = CyclesTouch;
			productReference = 1613F9B41955AA2500CDD9FD /* CyclesTouch.app */;
			productType = "com.apple.product-type.application";
		};
		1613F9C01955AA2500CDD9FD /* CyclesTouchTests */ = {
			isa = PBXNativeTarget;
			buildConfigurationList = 1613F9CE1955AA2500CDD9FD /* Build configuration list for PBXNativeTarget "CyclesTouchTests" */;
			buildPhases = (
				1613F9BD1955AA2500CDD9FD /* Sources */,
				1613F9BE1955AA2500CDD9FD /* Frameworks */,
				1613F9BF1955AA2500CDD9FD /* Resources */,
			);
			buildRules = (
			);
			dependencies = (
				1613F9C31955AA2500CDD9FD /* PBXTargetDependency */,
				1613F9ED1955F98D00CDD9FD /* PBXTargetDependency */,
				1613F9EF1955F98D00CDD9FD /* PBXTargetDependency */,
				1613F9F11955F99000CDD9FD /* PBXTargetDependency */,
				1613F9F31955FBCF00CDD9FD /* PBXTargetDependency */,
				1613F9F5195611F800CDD9FD /* PBXTargetDependency */,
			);
			name = CyclesTouchTests;
			productName = CyclesTouchTests;
			productReference = 1613F9C11955AA2500CDD9FD /* CyclesTouchTests.xctest */;
			productType = "com.apple.product-type.bundle.unit-test";
		};
/* End PBXNativeTarget section */

/* Begin PBXProject section */
		1613F9AC1955AA2500CDD9FD /* Project object */ = {
			isa = PBXProject;
			attributes = {
				LastUpgradeCheck = 0600;
				ORGANIZATIONNAME = Cocoahope;
				TargetAttributes = {
					1613F9B31955AA2500CDD9FD = {
						CreatedOnToolsVersion = 6.0;
					};
					1613F9C01955AA2500CDD9FD = {
						CreatedOnToolsVersion = 6.0;
						TestTargetID = 1613F9B31955AA2500CDD9FD;
					};
				};
			};
			buildConfigurationList = 1613F9AF1955AA2500CDD9FD /* Build configuration list for PBXProject "CyclesTouch" */;
			compatibilityVersion = "Xcode 3.2";
			developmentRegion = English;
			hasScannedForEncodings = 0;
			knownRegions = (
				en,
			);
			mainGroup = 1613F9AB1955AA2500CDD9FD;
			productRefGroup = 1613F9B51955AA2500CDD9FD /* Products */;
			projectDirPath = "";
			projectRoot = "";
			targets = (
				1613F9B31955AA2500CDD9FD /* CyclesTouch */,
				1613F9C01955AA2500CDD9FD /* CyclesTouchTests */,
			);
		};
/* End PBXProject section */

/* Begin PBXResourcesBuildPhase section */
		1613F9B21955AA2500CDD9FD /* Resources */ = {
			isa = PBXResourcesBuildPhase;
			buildActionMask = 2147483647;
			files = (
				1613F9BC1955AA2500CDD9FD /* Images.xcassets in Resources */,
				1613F9DD1955AA5800CDD9FD /* Cycles.strings in Resources */,
			);
			runOnlyForDeploymentPostprocessing = 0;
		};
		1613F9BF1955AA2500CDD9FD /* Resources */ = {
			isa = PBXResourcesBuildPhase;
			buildActionMask = 2147483647;
			files = (
			);
			runOnlyForDeploymentPostprocessing = 0;
		};
/* End PBXResourcesBuildPhase section */

/* Begin PBXSourcesBuildPhase section */
		1613F9B01955AA2500CDD9FD /* Sources */ = {
			isa = PBXSourcesBuildPhase;
			buildActionMask = 2147483647;
			files = (
				1613F9E21955AA5800CDD9FD /* Response.swift in Sources */,
				1613F9E01955AA5800CDD9FD /* Processor.swift in Sources */,
				1613F9E91955AACE00CDD9FD /* Bridge.m in Sources */,
				1613F9DE1955AA5800CDD9FD /* Error.swift in Sources */,
				1613F9BA1955AA2500CDD9FD /* AppDelegate.swift in Sources */,
				1613F9DF1955AA5800CDD9FD /* Helper.swift in Sources */,
				1613F9E11955AA5800CDD9FD /* Request.swift in Sources */,
				1613F9DB1955AA5800CDD9FD /* Authentication.swift in Sources */,
				1613F9DC1955AA5800CDD9FD /* Cycle.swift in Sources */,
				1613F9E31955AA5800CDD9FD /* Session.swift in Sources */,
			);
			runOnlyForDeploymentPostprocessing = 0;
		};
		1613F9BD1955AA2500CDD9FD /* Sources */ = {
			isa = PBXSourcesBuildPhase;
			buildActionMask = 2147483647;
			files = (
				1613F9EB1955E29200CDD9FD /* CycleTests.swift in Sources */,
				1613F9E51955AA6B00CDD9FD /* HelperTests.swift in Sources */,
			);
			runOnlyForDeploymentPostprocessing = 0;
		};
/* End PBXSourcesBuildPhase section */

/* Begin PBXTargetDependency section */
		1613F9C31955AA2500CDD9FD /* PBXTargetDependency */ = {
			isa = PBXTargetDependency;
			target = 1613F9B31955AA2500CDD9FD /* CyclesTouch */;
			targetProxy = 1613F9C21955AA2500CDD9FD /* PBXContainerItemProxy */;
		};
		1613F9ED1955F98D00CDD9FD /* PBXTargetDependency */ = {
			isa = PBXTargetDependency;
			target = 1613F9B31955AA2500CDD9FD /* CyclesTouch */;
			targetProxy = 1613F9EC1955F98D00CDD9FD /* PBXContainerItemProxy */;
		};
		1613F9EF1955F98D00CDD9FD /* PBXTargetDependency */ = {
			isa = PBXTargetDependency;
			target = 1613F9B31955AA2500CDD9FD /* CyclesTouch */;
			targetProxy = 1613F9EE1955F98D00CDD9FD /* PBXContainerItemProxy */;
		};
		1613F9F11955F99000CDD9FD /* PBXTargetDependency */ = {
			isa = PBXTargetDependency;
			target = 1613F9B31955AA2500CDD9FD /* CyclesTouch */;
			targetProxy = 1613F9F01955F99000CDD9FD /* PBXContainerItemProxy */;
		};
		1613F9F31955FBCF00CDD9FD /* PBXTargetDependency */ = {
			isa = PBXTargetDependency;
			target = 1613F9B31955AA2500CDD9FD /* CyclesTouch */;
			targetProxy = 1613F9F21955FBCF00CDD9FD /* PBXContainerItemProxy */;
		};
		1613F9F5195611F800CDD9FD /* PBXTargetDependency */ = {
			isa = PBXTargetDependency;
			target = 1613F9B31955AA2500CDD9FD /* CyclesTouch */;
			targetProxy = 1613F9F4195611F800CDD9FD /* PBXContainerItemProxy */;
		};
/* End PBXTargetDependency section */

/* Begin XCBuildConfiguration section */
		1613F9C91955AA2500CDD9FD /* Debug */ = {
			isa = XCBuildConfiguration;
			buildSettings = {
				ALWAYS_SEARCH_USER_PATHS = NO;
				CLANG_CXX_LANGUAGE_STANDARD = "gnu++0x";
				CLANG_CXX_LIBRARY = "libc++";
				CLANG_ENABLE_MODULES = YES;
				CLANG_ENABLE_OBJC_ARC = YES;
				CLANG_WARN_BOOL_CONVERSION = YES;
				CLANG_WARN_CONSTANT_CONVERSION = YES;
				CLANG_WARN_DIRECT_OBJC_ISA_USAGE = YES_ERROR;
				CLANG_WARN_EMPTY_BODY = YES;
				CLANG_WARN_ENUM_CONVERSION = YES;
				CLANG_WARN_INT_CONVERSION = YES;
				CLANG_WARN_OBJC_ROOT_CLASS = YES_ERROR;
				CLANG_WARN_UNREACHABLE_CODE = YES;
				CLANG_WARN__DUPLICATE_METHOD_MATCH = YES;
				"CODE_SIGN_IDENTITY[sdk=iphoneos*]" = "iPhone Developer";
				COPY_PHASE_STRIP = NO;
				ENABLE_STRICT_OBJC_MSGSEND = YES;
				GCC_C_LANGUAGE_STANDARD = gnu99;
				GCC_DYNAMIC_NO_PIC = NO;
				GCC_OPTIMIZATION_LEVEL = 0;
				GCC_PREPROCESSOR_DEFINITIONS = (
					"DEBUG=1",
					"$(inherited)",
				);
				GCC_SYMBOLS_PRIVATE_EXTERN = NO;
				GCC_WARN_64_TO_32_BIT_CONVERSION = YES;
				GCC_WARN_ABOUT_RETURN_TYPE = YES_ERROR;
				GCC_WARN_UNDECLARED_SELECTOR = YES;
				GCC_WARN_UNINITIALIZED_AUTOS = YES_AGGRESSIVE;
				GCC_WARN_UNUSED_FUNCTION = YES;
				GCC_WARN_UNUSED_VARIABLE = YES;
				IPHONEOS_DEPLOYMENT_TARGET = 8.0;
				METAL_ENABLE_DEBUG_INFO = YES;
				ONLY_ACTIVE_ARCH = YES;
				SDKROOT = iphoneos;
				SWIFT_OPTIMIZATION_LEVEL = "-Onone";
			};
			name = Debug;
		};
		1613F9CA1955AA2500CDD9FD /* Release */ = {
			isa = XCBuildConfiguration;
			buildSettings = {
				ALWAYS_SEARCH_USER_PATHS = NO;
				CLANG_CXX_LANGUAGE_STANDARD = "gnu++0x";
				CLANG_CXX_LIBRARY = "libc++";
				CLANG_ENABLE_MODULES = YES;
				CLANG_ENABLE_OBJC_ARC = YES;
				CLANG_WARN_BOOL_CONVERSION = YES;
				CLANG_WARN_CONSTANT_CONVERSION = YES;
				CLANG_WARN_DIRECT_OBJC_ISA_USAGE = YES_ERROR;
				CLANG_WARN_EMPTY_BODY = YES;
				CLANG_WARN_ENUM_CONVERSION = YES;
				CLANG_WARN_INT_CONVERSION = YES;
				CLANG_WARN_OBJC_ROOT_CLASS = YES_ERROR;
				CLANG_WARN_UNREACHABLE_CODE = YES;
				CLANG_WARN__DUPLICATE_METHOD_MATCH = YES;
				"CODE_SIGN_IDENTITY[sdk=iphoneos*]" = "iPhone Developer";
				COPY_PHASE_STRIP = YES;
				ENABLE_NS_ASSERTIONS = NO;
				ENABLE_STRICT_OBJC_MSGSEND = YES;
				GCC_C_LANGUAGE_STANDARD = gnu99;
				GCC_WARN_64_TO_32_BIT_CONVERSION = YES;
				GCC_WARN_ABOUT_RETURN_TYPE = YES_ERROR;
				GCC_WARN_UNDECLARED_SELECTOR = YES;
				GCC_WARN_UNINITIALIZED_AUTOS = YES_AGGRESSIVE;
				GCC_WARN_UNUSED_FUNCTION = YES;
				GCC_WARN_UNUSED_VARIABLE = YES;
				IPHONEOS_DEPLOYMENT_TARGET = 8.0;
				METAL_ENABLE_DEBUG_INFO = NO;
				SDKROOT = iphoneos;
				VALIDATE_PRODUCT = YES;
			};
			name = Release;
		};
		1613F9CC1955AA2500CDD9FD /* Debug */ = {
			isa = XCBuildConfiguration;
			buildSettings = {
				ASSETCATALOG_COMPILER_APPICON_NAME = AppIcon;
				ASSETCATALOG_COMPILER_LAUNCHIMAGE_NAME = LaunchImage;
				CLANG_ENABLE_MODULES = YES;
				INFOPLIST_FILE = CyclesTouch/Info.plist;
				LD_RUNPATH_SEARCH_PATHS = "$(inherited) @executable_path/Frameworks";
				PRODUCT_NAME = "$(TARGET_NAME)";
				SWIFT_OBJC_BRIDGING_HEADER = "CyclesTouch-Bridging-Header.h";
				SWIFT_OPTIMIZATION_LEVEL = "-Onone";
			};
			name = Debug;
		};
		1613F9CD1955AA2500CDD9FD /* Release */ = {
			isa = XCBuildConfiguration;
			buildSettings = {
				ASSETCATALOG_COMPILER_APPICON_NAME = AppIcon;
				ASSETCATALOG_COMPILER_LAUNCHIMAGE_NAME = LaunchImage;
				CLANG_ENABLE_MODULES = YES;
				INFOPLIST_FILE = CyclesTouch/Info.plist;
				LD_RUNPATH_SEARCH_PATHS = "$(inherited) @executable_path/Frameworks";
				PRODUCT_NAME = "$(TARGET_NAME)";
				SWIFT_OBJC_BRIDGING_HEADER = "CyclesTouch-Bridging-Header.h";
			};
			name = Release;
		};
		1613F9CF1955AA2500CDD9FD /* Debug */ = {
			isa = XCBuildConfiguration;
			buildSettings = {
				BUNDLE_LOADER = "$(BUILT_PRODUCTS_DIR)/CyclesTouch.app/CyclesTouch";
				FRAMEWORK_SEARCH_PATHS = (
					"$(SDKROOT)/Developer/Library/Frameworks",
					"$(inherited)",
				);
				GCC_PREPROCESSOR_DEFINITIONS = (
					"DEBUG=1",
					"$(inherited)",
				);
				HEADER_SEARCH_PATHS = (
					"$(inherited)",
					"/Applications/Xcode6-Beta2.app/Contents/Developer/Toolchains/XcodeDefault.xctoolchain/usr/include",
					"$(SRCROOT)/../source/",
				);
				INFOPLIST_FILE = CyclesTouchTests/Info.plist;
				LD_RUNPATH_SEARCH_PATHS = "$(inherited) @executable_path/Frameworks @loader_path/Frameworks";
				METAL_ENABLE_DEBUG_INFO = YES;
				PRODUCT_NAME = "$(TARGET_NAME)";
				TEST_HOST = "$(BUNDLE_LOADER)";
			};
			name = Debug;
		};
		1613F9D01955AA2500CDD9FD /* Release */ = {
			isa = XCBuildConfiguration;
			buildSettings = {
				BUNDLE_LOADER = "$(BUILT_PRODUCTS_DIR)/CyclesTouch.app/CyclesTouch";
				FRAMEWORK_SEARCH_PATHS = (
					"$(SDKROOT)/Developer/Library/Frameworks",
					"$(inherited)",
				);
				HEADER_SEARCH_PATHS = (
					"$(inherited)",
					"/Applications/Xcode6-Beta2.app/Contents/Developer/Toolchains/XcodeDefault.xctoolchain/usr/include",
					"$(SRCROOT)/../source/",
				);
				INFOPLIST_FILE = CyclesTouchTests/Info.plist;
				LD_RUNPATH_SEARCH_PATHS = "$(inherited) @executable_path/Frameworks @loader_path/Frameworks";
				METAL_ENABLE_DEBUG_INFO = NO;
				PRODUCT_NAME = "$(TARGET_NAME)";
				TEST_HOST = "$(BUNDLE_LOADER)";
			};
			name = Release;
		};
/* End XCBuildConfiguration section */

/* Begin XCConfigurationList section */
		1613F9AF1955AA2500CDD9FD /* Build configuration list for PBXProject "CyclesTouch" */ = {
			isa = XCConfigurationList;
			buildConfigurations = (
				1613F9C91955AA2500CDD9FD /* Debug */,
				1613F9CA1955AA2500CDD9FD /* Release */,
			);
			defaultConfigurationIsVisible = 0;
			defaultConfigurationName = Release;
		};
		1613F9CB1955AA2500CDD9FD /* Build configuration list for PBXNativeTarget "CyclesTouch" */ = {
			isa = XCConfigurationList;
			buildConfigurations = (
				1613F9CC1955AA2500CDD9FD /* Debug */,
				1613F9CD1955AA2500CDD9FD /* Release */,
			);
			defaultConfigurationIsVisible = 0;
			defaultConfigurationName = Release;
		};
		1613F9CE1955AA2500CDD9FD /* Build configuration list for PBXNativeTarget "CyclesTouchTests" */ = {
			isa = XCConfigurationList;
			buildConfigurations = (
				1613F9CF1955AA2500CDD9FD /* Debug */,
				1613F9D01955AA2500CDD9FD /* Release */,
			);
			defaultConfigurationIsVisible = 0;
			defaultConfigurationName = Release;
		};
/* End XCConfigurationList section */
	};
	rootObject = 1613F9AC1955AA2500CDD9FD /* Project object */;
}
